// !$*UTF8*$!
{
	archiveVersion = 1;
	classes = {
	};
	objectVersion = 56;
	objects = {

/* Begin PBXBuildFile section */
		7A4C29D12998EFB500FBA174 /* DigitalClockView.swift in Sources */ = {isa = PBXBuildFile; fileRef = 7A4C29D02998EFB500FBA174 /* DigitalClockView.swift */; };
		7A4C29D42998F07600FBA174 /* DigitalClockViewModel.swift in Sources */ = {isa = PBXBuildFile; fileRef = 7A4C29D32998F07600FBA174 /* DigitalClockViewModel.swift */; };
		7AE3E3C1299648BA006EAC5F /* OhMyLightsApp.swift in Sources */ = {isa = PBXBuildFile; fileRef = 7AE3E3C0299648BA006EAC5F /* OhMyLightsApp.swift */; };
		7AE3E3C5299648BC006EAC5F /* Assets.xcassets in Resources */ = {isa = PBXBuildFile; fileRef = 7AE3E3C4299648BC006EAC5F /* Assets.xcassets */; };
		7AE3E3C8299648BC006EAC5F /* Preview Assets.xcassets in Resources */ = {isa = PBXBuildFile; fileRef = 7AE3E3C7299648BC006EAC5F /* Preview Assets.xcassets */; };
		7AE3E3D3299649A9006EAC5F /* ContentView.swift in Sources */ = {isa = PBXBuildFile; fileRef = 7AE3E3D2299649A9006EAC5F /* ContentView.swift */; };
		7AE3E3D5299649B8006EAC5F /* HazardLightsDetectionViewModel.swift in Sources */ = {isa = PBXBuildFile; fileRef = 7AE3E3D4299649B8006EAC5F /* HazardLightsDetectionViewModel.swift */; };
		7AE3E3D9299649C4006EAC5F /* UserActivityState.swift in Sources */ = {isa = PBXBuildFile; fileRef = 7AE3E3D6299649C4006EAC5F /* UserActivityState.swift */; };
		7AE3E3DA299649C4006EAC5F /* UserMotionState.swift in Sources */ = {isa = PBXBuildFile; fileRef = 7AE3E3D7299649C4006EAC5F /* UserMotionState.swift */; };
		7AE3E3DB299649C4006EAC5F /* HazardLightsDetectionModel.swift in Sources */ = {isa = PBXBuildFile; fileRef = 7AE3E3D8299649C4006EAC5F /* HazardLightsDetectionModel.swift */; };
		7AE3E3DD29967809006EAC5F /* AppDelegate.swift in Sources */ = {isa = PBXBuildFile; fileRef = 7AE3E3DC29967809006EAC5F /* AppDelegate.swift */; };
/* End PBXBuildFile section */

/* Begin PBXFileReference section */
		7A4C29D02998EFB500FBA174 /* DigitalClockView.swift */ = {isa = PBXFileReference; lastKnownFileType = sourcecode.swift; path = DigitalClockView.swift; sourceTree = "<group>"; };
		7A4C29D32998F07600FBA174 /* DigitalClockViewModel.swift */ = {isa = PBXFileReference; lastKnownFileType = sourcecode.swift; path = DigitalClockViewModel.swift; sourceTree = "<group>"; };
		7AE3E3BD299648BA006EAC5F /* OhMyLights!.app */ = {isa = PBXFileReference; explicitFileType = wrapper.application; includeInIndex = 0; path = "OhMyLights!.app"; sourceTree = BUILT_PRODUCTS_DIR; };
		7AE3E3C0299648BA006EAC5F /* OhMyLightsApp.swift */ = {isa = PBXFileReference; lastKnownFileType = sourcecode.swift; path = OhMyLightsApp.swift; sourceTree = "<group>"; };
		7AE3E3C4299648BC006EAC5F /* Assets.xcassets */ = {isa = PBXFileReference; lastKnownFileType = folder.assetcatalog; path = Assets.xcassets; sourceTree = "<group>"; };
		7AE3E3C7299648BC006EAC5F /* Preview Assets.xcassets */ = {isa = PBXFileReference; lastKnownFileType = folder.assetcatalog; path = "Preview Assets.xcassets"; sourceTree = "<group>"; };
		7AE3E3D2299649A9006EAC5F /* ContentView.swift */ = {isa = PBXFileReference; fileEncoding = 4; lastKnownFileType = sourcecode.swift; path = ContentView.swift; sourceTree = "<group>"; };
		7AE3E3D4299649B8006EAC5F /* HazardLightsDetectionViewModel.swift */ = {isa = PBXFileReference; fileEncoding = 4; lastKnownFileType = sourcecode.swift; path = HazardLightsDetectionViewModel.swift; sourceTree = "<group>"; };
		7AE3E3D6299649C4006EAC5F /* UserActivityState.swift */ = {isa = PBXFileReference; fileEncoding = 4; lastKnownFileType = sourcecode.swift; path = UserActivityState.swift; sourceTree = "<group>"; };
		7AE3E3D7299649C4006EAC5F /* UserMotionState.swift */ = {isa = PBXFileReference; fileEncoding = 4; lastKnownFileType = sourcecode.swift; path = UserMotionState.swift; sourceTree = "<group>"; };
		7AE3E3D8299649C4006EAC5F /* HazardLightsDetectionModel.swift */ = {isa = PBXFileReference; fileEncoding = 4; lastKnownFileType = sourcecode.swift; path = HazardLightsDetectionModel.swift; sourceTree = "<group>"; };
		7AE3E3DC29967809006EAC5F /* AppDelegate.swift */ = {isa = PBXFileReference; lastKnownFileType = sourcecode.swift; path = AppDelegate.swift; sourceTree = "<group>"; };
/* End PBXFileReference section */

/* Begin PBXFrameworksBuildPhase section */
		7AE3E3BA299648BA006EAC5F /* Frameworks */ = {
			isa = PBXFrameworksBuildPhase;
			buildActionMask = 2147483647;
			files = (
			);
			runOnlyForDeploymentPostprocessing = 0;
		};
/* End PBXFrameworksBuildPhase section */

/* Begin PBXGroup section */
		7AE3E3B4299648BA006EAC5F = {
			isa = PBXGroup;
			children = (
				7AE3E3BF299648BA006EAC5F /* OhMyLights! */,
				7AE3E3BE299648BA006EAC5F /* Products */,
			);
			sourceTree = "<group>";
		};
		7AE3E3BE299648BA006EAC5F /* Products */ = {
			isa = PBXGroup;
			children = (
				7AE3E3BD299648BA006EAC5F /* OhMyLights!.app */,
			);
			name = Products;
			sourceTree = "<group>";
		};
		7AE3E3BF299648BA006EAC5F /* OhMyLights! */ = {
			isa = PBXGroup;
			children = (
				7AE3E3D12996498D006EAC5F /* Test */,
				7AE3E3D029964986006EAC5F /* Model */,
				7AE3E3CF2996497E006EAC5F /* ViewModel */,
				7AE3E3CE29964967006EAC5F /* View */,
				7AE3E3C0299648BA006EAC5F /* OhMyLightsApp.swift */,
				7AE3E3DC29967809006EAC5F /* AppDelegate.swift */,
				7AE3E3C4299648BC006EAC5F /* Assets.xcassets */,
				7AE3E3C6299648BC006EAC5F /* Preview Content */,
			);
			path = "OhMyLights!";
			sourceTree = "<group>";
		};
		7AE3E3C6299648BC006EAC5F /* Preview Content */ = {
			isa = PBXGroup;
			children = (
				7AE3E3C7299648BC006EAC5F /* Preview Assets.xcassets */,
			);
			path = "Preview Content";
			sourceTree = "<group>";
		};
		7AE3E3CE29964967006EAC5F /* View */ = {
			isa = PBXGroup;
			children = (
				7AE3E3D2299649A9006EAC5F /* ContentView.swift */,
				7A4C29D02998EFB500FBA174 /* DigitalClockView.swift */,
			);
			path = View;
			sourceTree = "<group>";
		};
		7AE3E3CF2996497E006EAC5F /* ViewModel */ = {
			isa = PBXGroup;
			children = (
				7AE3E3D4299649B8006EAC5F /* HazardLightsDetectionViewModel.swift */,
				7A4C29D32998F07600FBA174 /* DigitalClockViewModel.swift */,
			);
			path = ViewModel;
			sourceTree = "<group>";
		};
		7AE3E3D029964986006EAC5F /* Model */ = {
			isa = PBXGroup;
			children = (
				7AE3E3D8299649C4006EAC5F /* HazardLightsDetectionModel.swift */,
				7AE3E3D6299649C4006EAC5F /* UserActivityState.swift */,
				7AE3E3D7299649C4006EAC5F /* UserMotionState.swift */,
			);
			path = Model;
			sourceTree = "<group>";
		};
		7AE3E3D12996498D006EAC5F /* Test */ = {
			isa = PBXGroup;
			children = (
			);
			path = Test;
			sourceTree = "<group>";
		};
/* End PBXGroup section */

/* Begin PBXNativeTarget section */
		7AE3E3BC299648BA006EAC5F /* OhMyLights! */ = {
			isa = PBXNativeTarget;
			buildConfigurationList = 7AE3E3CB299648BC006EAC5F /* Build configuration list for PBXNativeTarget "OhMyLights!" */;
			buildPhases = (
				7AE3E3B9299648BA006EAC5F /* Sources */,
				7AE3E3BA299648BA006EAC5F /* Frameworks */,
				7AE3E3BB299648BA006EAC5F /* Resources */,
			);
			buildRules = (
			);
			dependencies = (
			);
			name = "OhMyLights!";
			productName = "OhMyLights!";
			productReference = 7AE3E3BD299648BA006EAC5F /* OhMyLights!.app */;
			productType = "com.apple.product-type.application";
		};
/* End PBXNativeTarget section */

/* Begin PBXProject section */
		7AE3E3B5299648BA006EAC5F /* Project object */ = {
			isa = PBXProject;
			attributes = {
				BuildIndependentTargetsInParallel = 1;
				LastSwiftUpdateCheck = 1420;
				LastUpgradeCheck = 1420;
				TargetAttributes = {
					7AE3E3BC299648BA006EAC5F = {
						CreatedOnToolsVersion = 14.2;
					};
				};
			};
			buildConfigurationList = 7AE3E3B8299648BA006EAC5F /* Build configuration list for PBXProject "OhMyLights!" */;
			compatibilityVersion = "Xcode 14.0";
			developmentRegion = en;
			hasScannedForEncodings = 0;
			knownRegions = (
				en,
				Base,
			);
			mainGroup = 7AE3E3B4299648BA006EAC5F;
			productRefGroup = 7AE3E3BE299648BA006EAC5F /* Products */;
			projectDirPath = "";
			projectRoot = "";
			targets = (
				7AE3E3BC299648BA006EAC5F /* OhMyLights! */,
			);
		};
/* End PBXProject section */

/* Begin PBXResourcesBuildPhase section */
		7AE3E3BB299648BA006EAC5F /* Resources */ = {
			isa = PBXResourcesBuildPhase;
			buildActionMask = 2147483647;
			files = (
				7AE3E3C8299648BC006EAC5F /* Preview Assets.xcassets in Resources */,
				7AE3E3C5299648BC006EAC5F /* Assets.xcassets in Resources */,
			);
			runOnlyForDeploymentPostprocessing = 0;
		};
/* End PBXResourcesBuildPhase section */

/* Begin PBXSourcesBuildPhase section */
		7AE3E3B9299648BA006EAC5F /* Sources */ = {
			isa = PBXSourcesBuildPhase;
			buildActionMask = 2147483647;
			files = (
				7AE3E3D3299649A9006EAC5F /* ContentView.swift in Sources */,
				7AE3E3DB299649C4006EAC5F /* HazardLightsDetectionModel.swift in Sources */,
				7A4C29D42998F07600FBA174 /* DigitalClockViewModel.swift in Sources */,
				7AE3E3DA299649C4006EAC5F /* UserMotionState.swift in Sources */,
				7AE3E3C1299648BA006EAC5F /* OhMyLightsApp.swift in Sources */,
				7AE3E3DD29967809006EAC5F /* AppDelegate.swift in Sources */,
				7AE3E3D5299649B8006EAC5F /* HazardLightsDetectionViewModel.swift in Sources */,
				7A4C29D12998EFB500FBA174 /* DigitalClockView.swift in Sources */,
				7AE3E3D9299649C4006EAC5F /* UserActivityState.swift in Sources */,
			);
			runOnlyForDeploymentPostprocessing = 0;
		};
/* End PBXSourcesBuildPhase section */

/* Begin XCBuildConfiguration section */
		7AE3E3C9299648BC006EAC5F /* Debug */ = {
			isa = XCBuildConfiguration;
			buildSettings = {
				ALWAYS_SEARCH_USER_PATHS = NO;
				CLANG_ANALYZER_NONNULL = YES;
				CLANG_ANALYZER_NUMBER_OBJECT_CONVERSION = YES_AGGRESSIVE;
				CLANG_CXX_LANGUAGE_STANDARD = "gnu++20";
				CLANG_ENABLE_MODULES = YES;
				CLANG_ENABLE_OBJC_ARC = YES;
				CLANG_ENABLE_OBJC_WEAK = YES;
				CLANG_WARN_BLOCK_CAPTURE_AUTORELEASING = YES;
				CLANG_WARN_BOOL_CONVERSION = YES;
				CLANG_WARN_COMMA = YES;
				CLANG_WARN_CONSTANT_CONVERSION = YES;
				CLANG_WARN_DEPRECATED_OBJC_IMPLEMENTATIONS = YES;
				CLANG_WARN_DIRECT_OBJC_ISA_USAGE = YES_ERROR;
				CLANG_WARN_DOCUMENTATION_COMMENTS = YES;
				CLANG_WARN_EMPTY_BODY = YES;
				CLANG_WARN_ENUM_CONVERSION = YES;
				CLANG_WARN_INFINITE_RECURSION = YES;
				CLANG_WARN_INT_CONVERSION = YES;
				CLANG_WARN_NON_LITERAL_NULL_CONVERSION = YES;
				CLANG_WARN_OBJC_IMPLICIT_RETAIN_SELF = YES;
				CLANG_WARN_OBJC_LITERAL_CONVERSION = YES;
				CLANG_WARN_OBJC_ROOT_CLASS = YES_ERROR;
				CLANG_WARN_QUOTED_INCLUDE_IN_FRAMEWORK_HEADER = YES;
				CLANG_WARN_RANGE_LOOP_ANALYSIS = YES;
				CLANG_WARN_STRICT_PROTOTYPES = YES;
				CLANG_WARN_SUSPICIOUS_MOVE = YES;
				CLANG_WARN_UNGUARDED_AVAILABILITY = YES_AGGRESSIVE;
				CLANG_WARN_UNREACHABLE_CODE = YES;
				CLANG_WARN__DUPLICATE_METHOD_MATCH = YES;
				COPY_PHASE_STRIP = NO;
				DEBUG_INFORMATION_FORMAT = dwarf;
				ENABLE_STRICT_OBJC_MSGSEND = YES;
				ENABLE_TESTABILITY = YES;
				GCC_C_LANGUAGE_STANDARD = gnu11;
				GCC_DYNAMIC_NO_PIC = NO;
				GCC_NO_COMMON_BLOCKS = YES;
				GCC_OPTIMIZATION_LEVEL = 0;
				GCC_PREPROCESSOR_DEFINITIONS = (
					"DEBUG=1",
					"$(inherited)",
				);
				GCC_WARN_64_TO_32_BIT_CONVERSION = YES;
				GCC_WARN_ABOUT_RETURN_TYPE = YES_ERROR;
				GCC_WARN_UNDECLARED_SELECTOR = YES;
				GCC_WARN_UNINITIALIZED_AUTOS = YES_AGGRESSIVE;
				GCC_WARN_UNUSED_FUNCTION = YES;
				GCC_WARN_UNUSED_VARIABLE = YES;
				IPHONEOS_DEPLOYMENT_TARGET = 16.2;
				MTL_ENABLE_DEBUG_INFO = INCLUDE_SOURCE;
				MTL_FAST_MATH = YES;
				ONLY_ACTIVE_ARCH = YES;
				SDKROOT = iphoneos;
				SWIFT_ACTIVE_COMPILATION_CONDITIONS = DEBUG;
				SWIFT_OPTIMIZATION_LEVEL = "-Onone";
			};
			name = Debug;
		};
		7AE3E3CA299648BC006EAC5F /* Release */ = {
			isa = XCBuildConfiguration;
			buildSettings = {
				ALWAYS_SEARCH_USER_PATHS = NO;
				CLANG_ANALYZER_NONNULL = YES;
				CLANG_ANALYZER_NUMBER_OBJECT_CONVERSION = YES_AGGRESSIVE;
				CLANG_CXX_LANGUAGE_STANDARD = "gnu++20";
				CLANG_ENABLE_MODULES = YES;
				CLANG_ENABLE_OBJC_ARC = YES;
				CLANG_ENABLE_OBJC_WEAK = YES;
				CLANG_WARN_BLOCK_CAPTURE_AUTORELEASING = YES;
				CLANG_WARN_BOOL_CONVERSION = YES;
				CLANG_WARN_COMMA = YES;
				CLANG_WARN_CONSTANT_CONVERSION = YES;
				CLANG_WARN_DEPRECATED_OBJC_IMPLEMENTATIONS = YES;
				CLANG_WARN_DIRECT_OBJC_ISA_USAGE = YES_ERROR;
				CLANG_WARN_DOCUMENTATION_COMMENTS = YES;
				CLANG_WARN_EMPTY_BODY = YES;
				CLANG_WARN_ENUM_CONVERSION = YES;
				CLANG_WARN_INFINITE_RECURSION = YES;
				CLANG_WARN_INT_CONVERSION = YES;
				CLANG_WARN_NON_LITERAL_NULL_CONVERSION = YES;
				CLANG_WARN_OBJC_IMPLICIT_RETAIN_SELF = YES;
				CLANG_WARN_OBJC_LITERAL_CONVERSION = YES;
				CLANG_WARN_OBJC_ROOT_CLASS = YES_ERROR;
				CLANG_WARN_QUOTED_INCLUDE_IN_FRAMEWORK_HEADER = YES;
				CLANG_WARN_RANGE_LOOP_ANALYSIS = YES;
				CLANG_WARN_STRICT_PROTOTYPES = YES;
				CLANG_WARN_SUSPICIOUS_MOVE = YES;
				CLANG_WARN_UNGUARDED_AVAILABILITY = YES_AGGRESSIVE;
				CLANG_WARN_UNREACHABLE_CODE = YES;
				CLANG_WARN__DUPLICATE_METHOD_MATCH = YES;
				COPY_PHASE_STRIP = NO;
				DEBUG_INFORMATION_FORMAT = "dwarf-with-dsym";
				ENABLE_NS_ASSERTIONS = NO;
				ENABLE_STRICT_OBJC_MSGSEND = YES;
				GCC_C_LANGUAGE_STANDARD = gnu11;
				GCC_NO_COMMON_BLOCKS = YES;
				GCC_WARN_64_TO_32_BIT_CONVERSION = YES;
				GCC_WARN_ABOUT_RETURN_TYPE = YES_ERROR;
				GCC_WARN_UNDECLARED_SELECTOR = YES;
				GCC_WARN_UNINITIALIZED_AUTOS = YES_AGGRESSIVE;
				GCC_WARN_UNUSED_FUNCTION = YES;
				GCC_WARN_UNUSED_VARIABLE = YES;
				IPHONEOS_DEPLOYMENT_TARGET = 16.2;
				MTL_ENABLE_DEBUG_INFO = NO;
				MTL_FAST_MATH = YES;
				SDKROOT = iphoneos;
				SWIFT_COMPILATION_MODE = wholemodule;
				SWIFT_OPTIMIZATION_LEVEL = "-O";
				VALIDATE_PRODUCT = YES;
			};
			name = Release;
		};
		7AE3E3CC299648BC006EAC5F /* Debug */ = {
			isa = XCBuildConfiguration;
			buildSettings = {
				ASSETCATALOG_COMPILER_APPICON_NAME = AppIcon;
				ASSETCATALOG_COMPILER_GLOBAL_ACCENT_COLOR_NAME = AccentColor;
				CODE_SIGN_STYLE = Automatic;
				CURRENT_PROJECT_VERSION = 1;
				DEVELOPMENT_ASSET_PATHS = "\"OhMyLights!/Preview Content\"";
				DEVELOPMENT_TEAM = JS6346293D;
				ENABLE_PREVIEWS = YES;
				GENERATE_INFOPLIST_FILE = YES;
				INFOPLIST_KEY_UIApplicationSceneManifest_Generation = YES;
				INFOPLIST_KEY_UIApplicationSupportsIndirectInputEvents = YES;
				INFOPLIST_KEY_UILaunchScreen_Generation = YES;
				INFOPLIST_KEY_UISupportedInterfaceOrientations_iPad = "UIInterfaceOrientationPortrait UIInterfaceOrientationPortraitUpsideDown UIInterfaceOrientationLandscapeLeft UIInterfaceOrientationLandscapeRight";
				INFOPLIST_KEY_UISupportedInterfaceOrientations_iPhone = "UIInterfaceOrientationPortrait UIInterfaceOrientationLandscapeLeft UIInterfaceOrientationLandscapeRight";
				LD_RUNPATH_SEARCH_PATHS = (
					"$(inherited)",
					"@executable_path/Frameworks",
				);
				MARKETING_VERSION = 1.0;
				PRODUCT_BUNDLE_IDENTIFIER = "gonzalo.giampietri.OhMyLights-";
				PRODUCT_NAME = "$(TARGET_NAME)";
				SWIFT_EMIT_LOC_STRINGS = YES;
				SWIFT_VERSION = 5.0;
				TARGETED_DEVICE_FAMILY = "1,2";
			};
			name = Debug;
		};
		7AE3E3CD299648BC006EAC5F /* Release */ = {
			isa = XCBuildConfiguration;
			buildSettings = {
				ASSETCATALOG_COMPILER_APPICON_NAME = AppIcon;
				ASSETCATALOG_COMPILER_GLOBAL_ACCENT_COLOR_NAME = AccentColor;
				CODE_SIGN_STYLE = Automatic;
				CURRENT_PROJECT_VERSION = 1;
				DEVELOPMENT_ASSET_PATHS = "\"OhMyLights!/Preview Content\"";
				DEVELOPMENT_TEAM = JS6346293D;
				ENABLE_PREVIEWS = YES;
				GENERATE_INFOPLIST_FILE = YES;
				INFOPLIST_KEY_UIApplicationSceneManifest_Generation = YES;
				INFOPLIST_KEY_UIApplicationSupportsIndirectInputEvents = YES;
				INFOPLIST_KEY_UILaunchScreen_Generation = YES;
				INFOPLIST_KEY_UISupportedInterfaceOrientations_iPad = "UIInterfaceOrientationPortrait UIInterfaceOrientationPortraitUpsideDown UIInterfaceOrientationLandscapeLeft UIInterfaceOrientationLandscapeRight";
				INFOPLIST_KEY_UISupportedInterfaceOrientations_iPhone = "UIInterfaceOrientationPortrait UIInterfaceOrientationLandscapeLeft UIInterfaceOrientationLandscapeRight";
				LD_RUNPATH_SEARCH_PATHS = (
					"$(inherited)",
					"@executable_path/Frameworks",
				);
				MARKETING_VERSION = 1.0;
				PRODUCT_BUNDLE_IDENTIFIER = "gonzalo.giampietri.OhMyLights-";
				PRODUCT_NAME = "$(TARGET_NAME)";
				SWIFT_EMIT_LOC_STRINGS = YES;
				SWIFT_VERSION = 5.0;
				TARGETED_DEVICE_FAMILY = "1,2";
			};
			name = Release;
		};
/* End XCBuildConfiguration section */

/* Begin XCConfigurationList section */
		7AE3E3B8299648BA006EAC5F /* Build configuration list for PBXProject "OhMyLights!" */ = {
			isa = XCConfigurationList;
			buildConfigurations = (
				7AE3E3C9299648BC006EAC5F /* Debug */,
				7AE3E3CA299648BC006EAC5F /* Release */,
			);
			defaultConfigurationIsVisible = 0;
			defaultConfigurationName = Release;
		};
		7AE3E3CB299648BC006EAC5F /* Build configuration list for PBXNativeTarget "OhMyLights!" */ = {
			isa = XCConfigurationList;
			buildConfigurations = (
				7AE3E3CC299648BC006EAC5F /* Debug */,
				7AE3E3CD299648BC006EAC5F /* Release */,
			);
			defaultConfigurationIsVisible = 0;
			defaultConfigurationName = Release;
		};
/* End XCConfigurationList section */
	};
	rootObject = 7AE3E3B5299648BA006EAC5F /* Project object */;
}
